{
  "name": "module-a",
  "version": "0.0.0",
  "lockfileVersion": 3,
  "requires": true,
  "packages": {
    "": {
      "name": "module-a",
      "version": "0.0.0",
      "license": "ISC",
      "dependencies": {
        "module-b": "file:../module-b"
      }
    },
    "../module-b": {
      "version": "0.0.0",
      "license": "ISC"
    },
    "node_modules/module-b": {
      "resolved": "../module-b",
      "link": true
    }
  }
}
